
Microsoft Visual Studio Solution File, Format Version 12.00
# Visual Studio Version 16
VisualStudioVersion = 16.0.31702.278
MinimumVisualStudioVersion = 10.0.40219.1
Project("{FAE04EC0-301F-11D3-BF4B-00C04F79EFBC}") = "pong", "pong\pong.csproj", "{B577BE62-4E2D-44B3-8BBC-580163B43EC8}"
EndProject
Global
	GlobalSection(SolutionConfigurationPlatforms) = preSolution
		Debug|Any CPU = Debug|Any CPU
		Release|Any CPU = Release|Any CPU
	EndGlobalSection
	GlobalSection(ProjectConfigurationPlatforms) = postSolution
		{B577BE62-4E2D-44B3-8BBC-580163B43EC8}.Debug|Any CPU.ActiveCfg = Debug|Any CPU
		{B577BE62-4E2D-44B3-8BBC-580163B43EC8}.Debug|Any CPU.Build.0 = Debug|Any CPU
		{B577BE62-4E2D-44B3-8BBC-580163B43EC8}.Release|Any CPU.ActiveCfg = Release|Any CPU
		{B577BE62-4E2D-44B3-8BBC-580163B43EC8}.Release|Any CPU.Build.0 = Release|Any CPU
	EndGlobalSection
	GlobalSection(SolutionProperties) = preSolution
		HideSolutionNode = FALSE
	EndGlobalSection
	GlobalSection(ExtensibilityGlobals) = postSolution
		SolutionGuid = {A0A3359E-DEE6-4088-83A4-A4FB36B66186}
	EndGlobalSection
EndGlobal
